
Microsoft Visual Studio Solution File, Format Version 12.00
# Visual Studio Version 17
VisualStudioVersion = 17.11.35431.28
MinimumVisualStudioVersion = 10.0.40219.1
Project("{9A19103F-16F7-4668-BE54-9A1E7A4F7556}") = "Stage0", "Stage0\Stage0.csproj", "{1C1AE31C-BDB6-465B-8E9A-A45BB77C9B5B}"
EndProject
Project("{2150E333-8FDC-42A3-9474-1A3956D46DE8}") = "Solution Items", "Solution Items", "{81FBBAAD-F0CF-4620-A969-93062E63C4B4}"
	ProjectSection(SolutionItems) = preProject
		README.md = README.md
	EndProjectSection
EndProject
Project("{9A19103F-16F7-4668-BE54-9A1E7A4F7556}") = "DalFacade", "DalFacade\DalFacade.csproj", "{749141A8-D21D-4E6D-9FB8-36A634926E85}"
EndProject
Project("{9A19103F-16F7-4668-BE54-9A1E7A4F7556}") = "DalList", "DalList\DalList.csproj", "{F2949983-34CE-43B8-8C76-29F4EB333F6A}"
EndProject
Project("{9A19103F-16F7-4668-BE54-9A1E7A4F7556}") = "DalTest", "DalTest\DalTest.csproj", "{81111935-54E4-4DBF-B032-C542A6448EFD}"
EndProject
Project("{9A19103F-16F7-4668-BE54-9A1E7A4F7556}") = "DalXml", "DalXml\DalXml.csproj", "{4662D407-2258-44D5-B40F-C377262EB046}"
EndProject
Project("{2150E333-8FDC-42A3-9474-1A3956D46DE8}") = "xml", "xml", "{90233EC4-3B54-4304-9519-18C974947811}"
	ProjectSection(SolutionItems) = preProject
		xml\assignments.xml = xml\assignments.xml
		xml\calls.xml = xml\calls.xml
		xml\data-config.xml = xml\data-config.xml
		xml\volunteers.xml = xml\volunteers.xml
	EndProjectSection
EndProject
Global
	GlobalSection(SolutionConfigurationPlatforms) = preSolution
		Debug|Any CPU = Debug|Any CPU
		Release|Any CPU = Release|Any CPU
	EndGlobalSection
	GlobalSection(ProjectConfigurationPlatforms) = postSolution
		{1C1AE31C-BDB6-465B-8E9A-A45BB77C9B5B}.Debug|Any CPU.ActiveCfg = Debug|Any CPU
		{1C1AE31C-BDB6-465B-8E9A-A45BB77C9B5B}.Debug|Any CPU.Build.0 = Debug|Any CPU
		{1C1AE31C-BDB6-465B-8E9A-A45BB77C9B5B}.Release|Any CPU.ActiveCfg = Release|Any CPU
		{1C1AE31C-BDB6-465B-8E9A-A45BB77C9B5B}.Release|Any CPU.Build.0 = Release|Any CPU
		{749141A8-D21D-4E6D-9FB8-36A634926E85}.Debug|Any CPU.ActiveCfg = Debug|Any CPU
		{749141A8-D21D-4E6D-9FB8-36A634926E85}.Debug|Any CPU.Build.0 = Debug|Any CPU
		{749141A8-D21D-4E6D-9FB8-36A634926E85}.Release|Any CPU.ActiveCfg = Release|Any CPU
		{749141A8-D21D-4E6D-9FB8-36A634926E85}.Release|Any CPU.Build.0 = Release|Any CPU
		{F2949983-34CE-43B8-8C76-29F4EB333F6A}.Debug|Any CPU.ActiveCfg = Debug|Any CPU
		{F2949983-34CE-43B8-8C76-29F4EB333F6A}.Debug|Any CPU.Build.0 = Debug|Any CPU
		{F2949983-34CE-43B8-8C76-29F4EB333F6A}.Release|Any CPU.ActiveCfg = Release|Any CPU
		{F2949983-34CE-43B8-8C76-29F4EB333F6A}.Release|Any CPU.Build.0 = Release|Any CPU
		{81111935-54E4-4DBF-B032-C542A6448EFD}.Debug|Any CPU.ActiveCfg = Debug|Any CPU
		{81111935-54E4-4DBF-B032-C542A6448EFD}.Debug|Any CPU.Build.0 = Debug|Any CPU
		{81111935-54E4-4DBF-B032-C542A6448EFD}.Release|Any CPU.ActiveCfg = Release|Any CPU
		{81111935-54E4-4DBF-B032-C542A6448EFD}.Release|Any CPU.Build.0 = Release|Any CPU
		{4662D407-2258-44D5-B40F-C377262EB046}.Debug|Any CPU.ActiveCfg = Debug|Any CPU
		{4662D407-2258-44D5-B40F-C377262EB046}.Debug|Any CPU.Build.0 = Debug|Any CPU
		{4662D407-2258-44D5-B40F-C377262EB046}.Release|Any CPU.ActiveCfg = Release|Any CPU
		{4662D407-2258-44D5-B40F-C377262EB046}.Release|Any CPU.Build.0 = Release|Any CPU
	EndGlobalSection
	GlobalSection(SolutionProperties) = preSolution
		HideSolutionNode = FALSE
	EndGlobalSection
	GlobalSection(ExtensibilityGlobals) = postSolution
		SolutionGuid = {4501764A-BB92-49DD-BA4B-5AC677BD610C}
	EndGlobalSection
EndGlobal
